
Microsoft Visual Studio Solution File, Format Version 12.00
# Visual Studio 15
VisualStudioVersion = 15.0.27703.2035
MinimumVisualStudioVersion = 10.0.40219.1
Project("{2150E333-8FDC-42A3-9474-1A3956D46DE8}") = "Microservices", "Microservices", "{982586CE-EC5C-41AD-A928-8B27CF164DAC}"
EndProject
Project("{2150E333-8FDC-42A3-9474-1A3956D46DE8}") = "Domain", "Domain", "{5ABE5B9C-4158-45AF-ACD6-4308CE52A546}"
EndProject
Project("{2150E333-8FDC-42A3-9474-1A3956D46DE8}") = "Infra.Bus", "Infra.Bus", "{BC447AE7-1DCC-4ADF-85E9-182CF3DAB11A}"
EndProject
Project("{2150E333-8FDC-42A3-9474-1A3956D46DE8}") = "Infra.IoC", "Infra.IoC", "{F07E2855-B3FB-4C5F-B07B-20BAB35F3999}"
EndProject
Project("{2150E333-8FDC-42A3-9474-1A3956D46DE8}") = "Presentation", "Presentation", "{68DC8FA1-E2BE-471F-A086-0CABBEFF9D88}"
EndProject
Project("{FAE04EC0-301F-11D3-BF4B-00C04F79EFBC}") = "MicroRabbit.Domain.Core", "MicroRabbit.Domain.Core\MicroRabbit.Domain.Core.csproj", "{B6F871A9-0694-415F-A789-2EFF5892BD56}"
EndProject
Project("{FAE04EC0-301F-11D3-BF4B-00C04F79EFBC}") = "MicroRabbit.Infra.Bus", "MicroRabbit.Infra.Bus\MicroRabbit.Infra.Bus.csproj", "{80644055-2896-4E66-A9CA-A21E1D007CD4}"
EndProject
Project("{FAE04EC0-301F-11D3-BF4B-00C04F79EFBC}") = "MicroRabbit.Infra.IoC", "MicroRabbit.Infra.IoC\MicroRabbit.Infra.IoC.csproj", "{36FD9F8F-A3BC-41D0-8FE0-89297A6EF717}"
EndProject
Project("{2150E333-8FDC-42A3-9474-1A3956D46DE8}") = "Banking", "Banking", "{BB9CB24A-7729-45FA-BE7B-26C8880892C9}"
EndProject
Project("{2150E333-8FDC-42A3-9474-1A3956D46DE8}") = "Api", "Api", "{247DA104-E6BC-4280-85B6-3BA7728BF538}"
EndProject
Project("{2150E333-8FDC-42A3-9474-1A3956D46DE8}") = "Domain", "Domain", "{0A11261F-4E46-4BB8-9B48-67D565BA8CB0}"
EndProject
Project("{2150E333-8FDC-42A3-9474-1A3956D46DE8}") = "Application", "Application", "{B8B257D0-3342-4CF9-B4AE-E267091CEEE5}"
EndProject
Project("{2150E333-8FDC-42A3-9474-1A3956D46DE8}") = "Data", "Data", "{9563A48B-666B-4E28-B96F-13225D08CFE6}"
EndProject
Project("{FAE04EC0-301F-11D3-BF4B-00C04F79EFBC}") = "MicroRabbit.Banking.Api", "MicroRabbit.Banking.Api\MicroRabbit.Banking.Api.csproj", "{49C7669E-2F82-43FA-9B8A-1CA95917C75A}"
EndProject
Project("{FAE04EC0-301F-11D3-BF4B-00C04F79EFBC}") = "MicroRabbit.Banking.Application", "MicroRabbit.Banking.Application\MicroRabbit.Banking.Application.csproj", "{E8398A27-2DB7-4C56-AF46-930AB479EEB3}"
EndProject
Project("{FAE04EC0-301F-11D3-BF4B-00C04F79EFBC}") = "MicroRabbit.Banking.Data", "MicroRabbit.Banking.Data\MicroRabbit.Banking.Data.csproj", "{ED2F665B-BA1E-43B0-87BB-9561E967BD16}"
EndProject
Project("{FAE04EC0-301F-11D3-BF4B-00C04F79EFBC}") = "MicroRabbit.Banking.Domain", "MicroRabbit.Banking.Domain\MicroRabbit.Banking.Domain.csproj", "{A4EA4FDF-CBC1-4E5B-912F-6770875D667F}"
EndProject
Global
	GlobalSection(SolutionConfigurationPlatforms) = preSolution
		Debug|Any CPU = Debug|Any CPU
		Release|Any CPU = Release|Any CPU
	EndGlobalSection
	GlobalSection(ProjectConfigurationPlatforms) = postSolution
		{B6F871A9-0694-415F-A789-2EFF5892BD56}.Debug|Any CPU.ActiveCfg = Debug|Any CPU
		{B6F871A9-0694-415F-A789-2EFF5892BD56}.Debug|Any CPU.Build.0 = Debug|Any CPU
		{B6F871A9-0694-415F-A789-2EFF5892BD56}.Release|Any CPU.ActiveCfg = Release|Any CPU
		{B6F871A9-0694-415F-A789-2EFF5892BD56}.Release|Any CPU.Build.0 = Release|Any CPU
		{80644055-2896-4E66-A9CA-A21E1D007CD4}.Debug|Any CPU.ActiveCfg = Debug|Any CPU
		{80644055-2896-4E66-A9CA-A21E1D007CD4}.Debug|Any CPU.Build.0 = Debug|Any CPU
		{80644055-2896-4E66-A9CA-A21E1D007CD4}.Release|Any CPU.ActiveCfg = Release|Any CPU
		{80644055-2896-4E66-A9CA-A21E1D007CD4}.Release|Any CPU.Build.0 = Release|Any CPU
		{36FD9F8F-A3BC-41D0-8FE0-89297A6EF717}.Debug|Any CPU.ActiveCfg = Debug|Any CPU
		{36FD9F8F-A3BC-41D0-8FE0-89297A6EF717}.Debug|Any CPU.Build.0 = Debug|Any CPU
		{36FD9F8F-A3BC-41D0-8FE0-89297A6EF717}.Release|Any CPU.ActiveCfg = Release|Any CPU
		{36FD9F8F-A3BC-41D0-8FE0-89297A6EF717}.Release|Any CPU.Build.0 = Release|Any CPU
		{49C7669E-2F82-43FA-9B8A-1CA95917C75A}.Debug|Any CPU.ActiveCfg = Debug|Any CPU
		{49C7669E-2F82-43FA-9B8A-1CA95917C75A}.Debug|Any CPU.Build.0 = Debug|Any CPU
		{49C7669E-2F82-43FA-9B8A-1CA95917C75A}.Release|Any CPU.ActiveCfg = Release|Any CPU
		{49C7669E-2F82-43FA-9B8A-1CA95917C75A}.Release|Any CPU.Build.0 = Release|Any CPU
		{E8398A27-2DB7-4C56-AF46-930AB479EEB3}.Debug|Any CPU.ActiveCfg = Debug|Any CPU
		{E8398A27-2DB7-4C56-AF46-930AB479EEB3}.Debug|Any CPU.Build.0 = Debug|Any CPU
		{E8398A27-2DB7-4C56-AF46-930AB479EEB3}.Release|Any CPU.ActiveCfg = Release|Any CPU
		{E8398A27-2DB7-4C56-AF46-930AB479EEB3}.Release|Any CPU.Build.0 = Release|Any CPU
		{ED2F665B-BA1E-43B0-87BB-9561E967BD16}.Debug|Any CPU.ActiveCfg = Debug|Any CPU
		{ED2F665B-BA1E-43B0-87BB-9561E967BD16}.Debug|Any CPU.Build.0 = Debug|Any CPU
		{ED2F665B-BA1E-43B0-87BB-9561E967BD16}.Release|Any CPU.ActiveCfg = Release|Any CPU
		{ED2F665B-BA1E-43B0-87BB-9561E967BD16}.Release|Any CPU.Build.0 = Release|Any CPU
		{A4EA4FDF-CBC1-4E5B-912F-6770875D667F}.Debug|Any CPU.ActiveCfg = Debug|Any CPU
		{A4EA4FDF-CBC1-4E5B-912F-6770875D667F}.Debug|Any CPU.Build.0 = Debug|Any CPU
		{A4EA4FDF-CBC1-4E5B-912F-6770875D667F}.Release|Any CPU.ActiveCfg = Release|Any CPU
		{A4EA4FDF-CBC1-4E5B-912F-6770875D667F}.Release|Any CPU.Build.0 = Release|Any CPU
	EndGlobalSection
	GlobalSection(SolutionProperties) = preSolution
		HideSolutionNode = FALSE
	EndGlobalSection
	GlobalSection(NestedProjects) = preSolution
		{B6F871A9-0694-415F-A789-2EFF5892BD56} = {5ABE5B9C-4158-45AF-ACD6-4308CE52A546}
		{80644055-2896-4E66-A9CA-A21E1D007CD4} = {BC447AE7-1DCC-4ADF-85E9-182CF3DAB11A}
		{36FD9F8F-A3BC-41D0-8FE0-89297A6EF717} = {F07E2855-B3FB-4C5F-B07B-20BAB35F3999}
		{BB9CB24A-7729-45FA-BE7B-26C8880892C9} = {982586CE-EC5C-41AD-A928-8B27CF164DAC}
		{247DA104-E6BC-4280-85B6-3BA7728BF538} = {BB9CB24A-7729-45FA-BE7B-26C8880892C9}
		{0A11261F-4E46-4BB8-9B48-67D565BA8CB0} = {BB9CB24A-7729-45FA-BE7B-26C8880892C9}
		{B8B257D0-3342-4CF9-B4AE-E267091CEEE5} = {BB9CB24A-7729-45FA-BE7B-26C8880892C9}
		{9563A48B-666B-4E28-B96F-13225D08CFE6} = {BB9CB24A-7729-45FA-BE7B-26C8880892C9}
		{49C7669E-2F82-43FA-9B8A-1CA95917C75A} = {247DA104-E6BC-4280-85B6-3BA7728BF538}
		{E8398A27-2DB7-4C56-AF46-930AB479EEB3} = {B8B257D0-3342-4CF9-B4AE-E267091CEEE5}
		{ED2F665B-BA1E-43B0-87BB-9561E967BD16} = {9563A48B-666B-4E28-B96F-13225D08CFE6}
		{A4EA4FDF-CBC1-4E5B-912F-6770875D667F} = {0A11261F-4E46-4BB8-9B48-67D565BA8CB0}
	EndGlobalSection
	GlobalSection(ExtensibilityGlobals) = postSolution
		SolutionGuid = {7E53218E-37F4-41E1-AAD6-7DD89A0C47AF}
	EndGlobalSection
EndGlobal
